
Microsoft Visual Studio Solution File, Format Version 12.00
# Visual Studio Version 17
VisualStudioVersion = 17.3.32819.101
MinimumVisualStudioVersion = 10.0.40219.1
Project("{FAE04EC0-301F-11D3-BF4B-00C04F79EFBC}") = "sophomore2026playground", "sophomore2026playground.csproj", "{3F67791A-516B-4757-A8E1-48B3971BCD8E}"
EndProject
Global
	GlobalSection(SolutionConfigurationPlatforms) = preSolution
		Debug|Any CPU = Debug|Any CPU
		Release|Any CPU = Release|Any CPU
	EndGlobalSection
	GlobalSection(ProjectConfigurationPlatforms) = postSolution
		{3F67791A-516B-4757-A8E1-48B3971BCD8E}.Debug|Any CPU.ActiveCfg = Debug|Any CPU
		{3F67791A-516B-4757-A8E1-48B3971BCD8E}.Debug|Any CPU.Build.0 = Debug|Any CPU
		{3F67791A-516B-4757-A8E1-48B3971BCD8E}.Release|Any CPU.ActiveCfg = Release|Any CPU
		{3F67791A-516B-4757-A8E1-48B3971BCD8E}.Release|Any CPU.Build.0 = Release|Any CPU
	EndGlobalSection
	GlobalSection(SolutionProperties) = preSolution
		HideSolutionNode = FALSE
	EndGlobalSection
	GlobalSection(ExtensibilityGlobals) = postSolution
		SolutionGuid = {971A1C23-130F-46F0-B772-D757D23933ED}
	EndGlobalSection
EndGlobal
