
Microsoft Visual Studio Solution File, Format Version 12.00
# Visual Studio Version 17
VisualStudioVersion = 17.3.32819.101
MinimumVisualStudioVersion = 10.0.40219.1
Project("{FAE04EC0-301F-11D3-BF4B-00C04F79EFBC}") = "Playground 2.0", "Playground 2.0.csproj", "{1A463B8A-0AEB-4BA1-9C67-28A9D779F022}"
EndProject
Global
	GlobalSection(SolutionConfigurationPlatforms) = preSolution
		Debug|Any CPU = Debug|Any CPU
		Release|Any CPU = Release|Any CPU
	EndGlobalSection
	GlobalSection(ProjectConfigurationPlatforms) = postSolution
		{1A463B8A-0AEB-4BA1-9C67-28A9D779F022}.Debug|Any CPU.ActiveCfg = Debug|Any CPU
		{1A463B8A-0AEB-4BA1-9C67-28A9D779F022}.Debug|Any CPU.Build.0 = Debug|Any CPU
		{1A463B8A-0AEB-4BA1-9C67-28A9D779F022}.Release|Any CPU.ActiveCfg = Release|Any CPU
		{1A463B8A-0AEB-4BA1-9C67-28A9D779F022}.Release|Any CPU.Build.0 = Release|Any CPU
	EndGlobalSection
	GlobalSection(SolutionProperties) = preSolution
		HideSolutionNode = FALSE
	EndGlobalSection
	GlobalSection(ExtensibilityGlobals) = postSolution
		SolutionGuid = {AC05458E-FB44-4008-8E65-4EB077D0E355}
	EndGlobalSection
EndGlobal
